# This lock file was generated by conda-lock (https://github.com/conda/conda-lock). DO NOT EDIT!
#
# A "lock file" contains a concrete list of package versions (with checksums) to be installed. Unlike
# e.g. `conda env create`, the resulting environment will not change as new package versions become
# available, unless you explicitly update the lock file.
#
# Install this environment as "YOURENV" with:
#     conda-lock install -n YOURENV conda-lock.yml
# To update a single package to the latest version compatible with the version constraints in the source:
#     conda-lock lock  --lockfile conda-lock.yml --update PACKAGE
# To re-solve the entire environment, e.g. after changing a version constraint in the source file:
#     conda-lock -f ci/environment-check.yml --lockfile conda-lock.yml
version: 1
metadata:
  content_hash:
    linux-64: 5580bb8964810179d9805de6bdc718c91d1b8c90f80355882cf4c6b6ecfca9bc
  channels:
  - url: conda-forge
    used_env_vars: []
  - url: bioconda
    used_env_vars: []
  platforms:
  - linux-64
  sources:
  - ci/environment-check.yml
package:
- name: _openmp_mutex
  version: '4.5'
  manager: conda
  platform: linux-64
  dependencies:
    __glibc: '>=2.17,<3.0.a0'
    libgomp: '>=7.5.0'
  url: https://conda.anaconda.org/conda-forge/linux-64/_openmp_mutex-4.5-20_gnu.conda
  hash:
    md5: a9f577daf3de00bca7c3c76c0ecbd1de
    sha256: 1dd3fffd892081df9726d7eb7e0dea6198962ba775bd88842135a4ddb4deb3c9
  category: main
  optional: false
- name: alsa-lib
  version: 1.2.16.1
  manager: conda
  platform: linux-64
  dependencies:
    __glibc: '>=2.17,<3.0.a0'
    libgcc: '>=14'
  url: https://conda.anaconda.org/conda-forge/linux-64/alsa-lib-1.2.16.1-hb03c661_0.conda
  hash:
    md5: 8904e09bda369377b3dd07e2ac828c5d
    sha256: cf93ca0f1f107e95a35969a4622684e08fcb8cf37f8cf4a1e9e424828386c921
  category: main
  optional: false
- name: bzip2
  version: 1.0.8
  manager: conda
  platform: linux-64
  dependencies:
    __glibc: '>=2.17,<3.0.a0'
    libgcc: '>=14'
  url: https://conda.anaconda.org/conda-forge/linux-64/bzip2-1.0.8-hda65f42_9.conda
  hash:
    md5: d2ffd7602c02f2b316fd921d39876885
    sha256: 0b75d45f0bba3e95dc693336fa51f40ea28c980131fec438afb7ce6118ed05f6
  category: main
  optional: false
- name: c-ares
  version: 1.34.8
  manager: conda
  platform: linux-64
  dependencies:
    __glibc: '>=2.17,<3.0.a0'
    libgcc: '>=14'
  url: https://conda.anaconda.org/conda-forge/linux-64/c-ares-1.34.8-hb03c661_0.conda
  hash:
    md5: 6130ad6705adc993b5d8482b7f66e01f
    sha256: dee93a82d045f9aa8277829aa465224afa3c7a6ac18388de66099b2be7f705e7
  category: main
  optional: false
- name: ca-certificates
  version: 2026.6.17
  manager: conda
  platform: linux-64
  dependencies:
    __unix: ''
  url: https://conda.anaconda.org/conda-forge/noarch/ca-certificates-2026.6.17-hbd8a1cb_0.conda
  hash:
    md5: a9965dd99f683c5f444428f896635716
    sha256: f8e3c730fa14ee3f170493779f06522c4acf89169f43db4f039727709b6419cf
  category: main
  optional: false
- name: cairo
  version: 1.18.4
  manager: conda
  platform: linux-64
  dependencies:
    __glibc: '>=2.17,<3.0.a0'
    fontconfig: '>=2.15.0,<3.0a0'
    fonts-conda-ecosystem: ''
    icu: '>=78.1,<79.0a0'
    libexpat: '>=2.7.3,<3.0a0'
    libfreetype: '>=2.14.1'
    libfreetype6: '>=2.14.1'
    libgcc: '>=14'
    libglib: '>=2.86.3,<3.0a0'
    libpng: '>=1.6.53,<1.7.0a0'
    libstdcxx: '>=14'
    libxcb: '>=1.17.0,<2.0a0'
    libzlib: '>=1.3.1,<2.0a0'
    pixman: '>=0.46.4,<1.0a0'
    xorg-libice: '>=1.1.2,<2.0a0'
    xorg-libsm: '>=1.2.6,<2.0a0'
    xorg-libx11: '>=1.8.12,<2.0a0'
    xorg-libxext: '>=1.3.6,<2.0a0'
    xorg-libxrender: '>=0.9.12,<0.10.0a0'
  url: https://conda.anaconda.org/conda-forge/linux-64/cairo-1.18.4-he90730b_1.conda
  hash:
    md5: bb6c4808bfa69d6f7f6b07e5846ced37
    sha256: 06525fa0c4e4f56e771a3b986d0fdf0f0fc5a3270830ee47e127a5105bde1b9a
  category: main
  optional: false
- name: fastp
  version: 1.3.6
  manager: conda
  platform: linux-64
  dependencies:
    isa-l: '>=2.31.1,<3.0a0'
    libdeflate: '>=1.25,<1.26.0a0'
    libgcc: '>=14'
    libhwy: '>=1.3.0,<1.4.0a0'
    libstdcxx: '>=14'
  url: https://conda.anaconda.org/bioconda/linux-64/fastp-1.3.6-h43da1c4_0.conda
  hash:
    md5: 0cc081919b1a2f80ce6cb120fa7dc0f5
    sha256: f82bb110034f139095659eec09771f20772f5f63aa3b28af4697b9ddca831117
  category: main
  optional: false
- name: fastqc
  version: 0.12.1
  manager: conda
  platform: linux-64
  dependencies:
    font-ttf-dejavu-sans-mono: ''
    fontconfig: ''
    openjdk: '>=8.0.144'
    perl: ''
  url: https://conda.anaconda.org/bioconda/noarch/fastqc-0.12.1-hdfd78af_0.tar.bz2
  hash:
    md5: c9f6a4b12229f7331f79c9a00dd6e240
    sha256: 7cc26225d590540ae95cd24940ff42f2da7479dd4cd22ae9ab9298665d06790c
  category: main
  optional: false
- name: font-ttf-dejavu-sans-mono
  version: '2.37'
  manager: conda
  platform: linux-64
  dependencies: {}
  url: https://conda.anaconda.org/conda-forge/noarch/font-ttf-dejavu-sans-mono-2.37-hab24e00_0.tar.bz2
  hash:
    md5: 0c96522c6bdaed4b1566d11387caaf45
    sha256: 58d7f40d2940dd0a8aa28651239adbf5613254df0f75789919c4e6762054403b
  category: main
  optional: false
- name: font-ttf-inconsolata
  version: '3.000'
  manager: conda
  platform: linux-64
  dependencies: {}
  url: https://conda.anaconda.org/conda-forge/noarch/font-ttf-inconsolata-3.000-h77eed37_0.tar.bz2
  hash:
    md5: 34893075a5c9e55cdafac56607368fc6
    sha256: c52a29fdac682c20d252facc50f01e7c2e7ceac52aa9817aaf0bb83f7559ec5c
  category: main
  optional: false
- name: font-ttf-source-code-pro
  version: '2.038'
  manager: conda
  platform: linux-64
  dependencies: {}
  url: https://conda.anaconda.org/conda-forge/noarch/font-ttf-source-code-pro-2.038-h77eed37_0.tar.bz2
  hash:
    md5: 4d59c254e01d9cde7957100457e2d5fb
    sha256: 00925c8c055a2275614b4d983e1df637245e19058d79fc7dd1a93b8d9fb4b139
  category: main
  optional: false
- name: font-ttf-ubuntu
  version: '0.83'
  manager: conda
  platform: linux-64
  dependencies: {}
  url: https://conda.anaconda.org/conda-forge/noarch/font-ttf-ubuntu-0.83-h77eed37_3.conda
  hash:
    md5: 49023d73832ef61042f6a237cb2687e7
    sha256: 2821ec1dc454bd8b9a31d0ed22a7ce22422c0aef163c59f49dfdf915d0f0ca14
  category: main
  optional: false
- name: fontconfig
  version: 2.18.1
  manager: conda
  platform: linux-64
  dependencies:
    __glibc: '>=2.17,<3.0.a0'
    libexpat: '>=2.8.1,<3.0a0'
    libfreetype: '>=2.14.3'
    libfreetype6: '>=2.14.3'
    libgcc: '>=14'
    libuuid: '>=2.42.1,<3.0a0'
    libzlib: '>=1.3.2,<2.0a0'
  url: https://conda.anaconda.org/conda-forge/linux-64/fontconfig-2.18.1-h27c8c51_0.conda
  hash:
    md5: e0e050cfa9fa85fe39632ab11cb7f3e0
    sha256: 2e50bdcebdf70a865b81f2456bbc586386451ec601c60f2b6cd22b8c40a2d384
  category: main
  optional: false
- name: fonts-conda-ecosystem
  version: '1'
  manager: conda
  platform: linux-64
  dependencies:
    fonts-conda-forge: ''
  url: https://conda.anaconda.org/conda-forge/noarch/fonts-conda-ecosystem-1-0.tar.bz2
  hash:
    md5: fee5683a3f04bd15cbd8318b096a27ab
    sha256: a997f2f1921bb9c9d76e6fa2f6b408b7fa549edd349a77639c9fe7a23ea93e61
  category: main
  optional: false
- name: fonts-conda-forge
  version: '1'
  manager: conda
  platform: linux-64
  dependencies:
    font-ttf-dejavu-sans-mono: ''
    font-ttf-inconsolata: ''
    font-ttf-source-code-pro: ''
    font-ttf-ubuntu: ''
  url: https://conda.anaconda.org/conda-forge/noarch/fonts-conda-forge-1-hc364b38_1.conda
  hash:
    md5: a7970cd949a077b7cb9696379d338681
    sha256: 54eea8469786bc2291cc40bca5f46438d3e062a399e8f53f013b6a9f50e98333
  category: main
  optional: false
- name: freetype
  version: 2.14.3
  manager: conda
  platform: linux-64
  dependencies:
    libfreetype: 2.14.3
    libfreetype6: 2.14.3
  url: https://conda.anaconda.org/conda-forge/linux-64/freetype-2.14.3-ha770c72_0.conda
  hash:
    md5: 8462b5322567212beeb025f3519fb3e2
    sha256: c934c385889c7836f034039b43b05ccfa98f53c900db03d8411189892ced090b
  category: main
  optional: false
- name: giflib
  version: 5.2.2
  manager: conda
  platform: linux-64
  dependencies:
    libgcc-ng: '>=12'
  url: https://conda.anaconda.org/conda-forge/linux-64/giflib-5.2.2-hd590300_0.conda
  hash:
    md5: 3bf7b9fd5a7136126e0234db4b87c8b6
    sha256: aac402a8298f0c0cc528664249170372ef6b37ac39fdc92b40601a6aed1e32ff
  category: main
  optional: false
- name: graphite2
  version: 1.3.15
  manager: conda
  platform: linux-64
  dependencies:
    __glibc: '>=2.17,<3.0.a0'
    libgcc: '>=14'
    libstdcxx: '>=14'
  url: https://conda.anaconda.org/conda-forge/linux-64/graphite2-1.3.15-hecca717_0.conda
  hash:
    md5: cf09e9fc938518e91d0706572cadf17a
    sha256: 885fa7d1d7e2ad9ed0a700ee0d81ceb49de278253082d517959b22d6336eecce
  category: main
  optional: false
- name: harfbuzz
  version: 14.2.1
  manager: conda
  platform: linux-64
  dependencies:
    libharfbuzz-devel: 14.2.1
  url: https://conda.anaconda.org/conda-forge/linux-64/harfbuzz-14.2.1-ha770c72_1.conda
  hash:
    md5: 72e956a71241633d8c80aa198fd08784
    sha256: 853beec89ff91cbbf630f1d305b69153eb28a3cb78af95ddc1fb4d30e524c6f4
  category: main
  optional: false
- name: htslib
  version: 1.23.1
  manager: conda
  platform: linux-64
  dependencies:
    bzip2: '>=1.0.8,<2.0a0'
    libcurl: '>=8.19.0,<9.0a0'
    libdeflate: '>=1.25,<1.26.0a0'
    libgcc: '>=14'
    liblzma: '>=5.8.2,<6.0a0'
    libzlib: '>=1.3.1,<2.0a0'
    openssl: '>=3.5.5,<4.0a0'
  url: https://conda.anaconda.org/bioconda/linux-64/htslib-1.23.1-h633afcb_0.conda
  hash:
    md5: 209caa9e4ff0b9ed02dd09c3161917e5
    sha256: d0977efb1885c9f00ca76ee13e7c0f9a8936bf271eec25ffa78606cd816a13c9
  category: main
  optional: false
- name: icu
  version: '78.3'
  manager: conda
  platform: linux-64
  dependencies:
    __glibc: '>=2.17,<3.0.a0'
    libgcc: '>=14'
    libstdcxx: '>=14'
  url: https://conda.anaconda.org/conda-forge/linux-64/icu-78.3-h33c6efd_0.conda
  hash:
    md5: c80d8a3b84358cb967fa81e7075fbc8a
    sha256: fbf86c4a59c2ed05bbffb2ba25c7ed94f6185ec30ecb691615d42342baa1a16a
  category: main
  optional: false
- name: isa-l
  version: 2.32.1
  manager: conda
  platform: linux-64
  dependencies:
    __glibc: '>=2.17,<3.0.a0'
    libgcc: '>=14'
  url: https://conda.anaconda.org/conda-forge/linux-64/isa-l-2.32.1-hb03c661_0.conda
  hash:
    md5: aee2e139304e7b59d3369222bb9eb288
    sha256: bdcd52848058d7a5ef3fdd88b29701b51d03e948e49f5cc05036d8c8f7943f4e
  category: main
  optional: false
- name: keyutils
  version: 1.6.3
  manager: conda
  platform: linux-64
  dependencies:
    __glibc: '>=2.17,<3.0.a0'
    libgcc: '>=13'
  url: https://conda.anaconda.org/conda-forge/linux-64/keyutils-1.6.3-hb9d3cd8_0.conda
  hash:
    md5: b38117a3c920364aff79f870c984b4a3
    sha256: 0960d06048a7185d3542d850986d807c6e37ca2e644342dd0c72feefcf26c2a4
  category: main
  optional: false
- name: krb5
  version: 1.22.2
  manager: conda
  platform: linux-64
  dependencies:
    __glibc: '>=2.17,<3.0.a0'
    keyutils: '>=1.6.3,<2.0a0'
    libedit: '>=3.1.20250104,<3.2.0a0,>=3.1.20250104,<4.0a0'
    libgcc: '>=14'
    libstdcxx: '>=14'
    openssl: '>=3.5.7,<4.0a0'
  url: https://conda.anaconda.org/conda-forge/linux-64/krb5-1.22.2-hbde042b_1.conda
  hash:
    md5: 54157a1c8c0bb70f62dd0b17fba7e7f2
    sha256: 9b07046870772f28740e3f6149f09ff222843733087a33c5540b169c6289652d
  category: main
  optional: false
- name: lcms2
  version: 2.19.1
  manager: conda
  platform: linux-64
  dependencies:
    __glibc: '>=2.17,<3.0.a0'
    libgcc: '>=14'
    libjpeg-turbo: '>=3.1.4.1,<4.0a0'
    libtiff: '>=4.7.1,<4.8.0a0'
  url: https://conda.anaconda.org/conda-forge/linux-64/lcms2-2.19.1-h0c24ade_1.conda
  hash:
    md5: 8b3ce45e929cd8e8e5f4d18586b56d8b
    sha256: 112b5b9462572d970f4abd2912f76a25ee7db158b1e7260163d91dd8a630db84
  category: main
  optional: false
- name: ld_impl_linux-64
  version: 2.46.1
  manager: conda
  platform: linux-64
  dependencies:
    __glibc: '>=2.17,<3.0.a0'
    zstd: '>=1.5.7,<1.6.0a0'
  url: https://conda.anaconda.org/conda-forge/linux-64/ld_impl_linux-64-2.46.1-default_hbd61a6d_102.conda
  hash:
    md5: 449500f2c089da11c40f5c21312e3e07
    sha256: 27d83f1188cd19bcb7754a078b3fa7f4cfb8527f8eb2fde54dd01fc529d1adec
  category: main
  optional: false
- name: lerc
  version: 4.1.0
  manager: conda
  platform: linux-64
  dependencies:
    __glibc: '>=2.17,<3.0.a0'
    libgcc: '>=14'
    libstdcxx: '>=14'
  url: https://conda.anaconda.org/conda-forge/linux-64/lerc-4.1.0-hdb68285_0.conda
  hash:
    md5: a752488c68f2e7c456bcbd8f16eec275
    sha256: f84cb54782f7e9cea95e810ea8fef186e0652d0fa73d3009914fa2c1262594e1
  category: main
  optional: false
- name: libcups
  version: 2.3.3
  manager: conda
  platform: linux-64
  dependencies:
    __glibc: '>=2.17,<3.0.a0'
    krb5: '>=1.22.2,<1.23.0a0'
    libgcc: '>=14'
    libstdcxx: '>=14'
    libzlib: '>=1.3.1,<2.0a0'
  url: https://conda.anaconda.org/conda-forge/linux-64/libcups-2.3.3-h7a8fb5f_6.conda
  hash:
    md5: 49c553b47ff679a6a1e9fc80b9c5a2d4
    sha256: 205c4f19550f3647832ec44e35e6d93c8c206782bdd620c1d7cf66237580ff9c
  category: main
  optional: false
- name: libcurl
  version: 8.21.0
  manager: conda
  platform: linux-64
  dependencies:
    __glibc: '>=2.17,<3.0.a0'
    krb5: '>=1.22.2,<1.23.0a0'
    libgcc: '>=14'
    libnghttp2: '>=1.68.1,<2.0a0'
    libpsl: '>=0.22.0,<0.23.0a0'
    libssh2: '>=1.11.1,<2.0a0'
    libzlib: '>=1.3.2,<2.0a0'
    openssl: '>=3.5.7,<4.0a0'
    zstd: '>=1.5.7,<1.6.0a0'
  url: https://conda.anaconda.org/conda-forge/linux-64/libcurl-8.21.0-hae6b9f4_2.conda
  hash:
    md5: f9c59d277a16ec8f272b2d5dd2ec3335
    sha256: ba8354084b34fce56d5697982fce4a384c148e972e15c0ab891187617fe7ec29
  category: main
  optional: false
- name: libdeflate
  version: '1.25'
  manager: conda
  platform: linux-64
  dependencies:
    __glibc: '>=2.17,<3.0.a0'
    libgcc: '>=14'
  url: https://conda.anaconda.org/conda-forge/linux-64/libdeflate-1.25-h17f619e_0.conda
  hash:
    md5: 6c77a605a7a689d17d4819c0f8ac9a00
    sha256: aa8e8c4be9a2e81610ddf574e05b64ee131fab5e0e3693210c9d6d2fba32c680
  category: main
  optional: false
- name: libedit
  version: 3.1.20250104
  manager: conda
  platform: linux-64
  dependencies:
    __glibc: '>=2.17,<3.0.a0'
    libgcc: '>=13'
    ncurses: '>=6.5,<7.0a0'
  url: https://conda.anaconda.org/conda-forge/linux-64/libedit-3.1.20250104-pl5321h7949ede_0.conda
  hash:
    md5: c277e0a4d549b03ac1e9d6cbbe3d017b
    sha256: d789471216e7aba3c184cd054ed61ce3f6dac6f87a50ec69291b9297f8c18724
  category: main
  optional: false
- name: libev
  version: '4.33'
  manager: conda
  platform: linux-64
  dependencies:
    libgcc-ng: '>=12'
  url: https://conda.anaconda.org/conda-forge/linux-64/libev-4.33-hd590300_2.conda
  hash:
    md5: 172bf1cd1ff8629f2b1179945ed45055
    sha256: 1cd6048169fa0395af74ed5d8f1716e22c19a81a8a36f934c110ca3ad4dd27b4
  category: main
  optional: false
- name: libexpat
  version: 2.8.1
  manager: conda
  platform: linux-64
  dependencies:
    __glibc: '>=2.17,<3.0.a0'
    libgcc: '>=14'
  url: https://conda.anaconda.org/conda-forge/linux-64/libexpat-2.8.1-hecca717_1.conda
  hash:
    md5: b24d3c612f71e7aa74158d92106318b2
    sha256: 16feffd9ddbbe5b718515d38ee376c685ba95491cd901244e24671d20b952a77
  category: main
  optional: false
- name: libffi
  version: 3.5.2
  manager: conda
  platform: linux-64
  dependencies:
    __glibc: '>=2.17,<3.0.a0'
    libgcc: '>=14'
  url: https://conda.anaconda.org/conda-forge/linux-64/libffi-3.5.2-h3435931_0.conda
  hash:
    md5: a360c33a5abe61c07959e449fa1453eb
    sha256: 31f19b6a88ce40ebc0d5a992c131f57d919f73c0b92cd1617a5bec83f6e961e6
  category: main
  optional: false
- name: libfreetype
  version: 2.14.3
  manager: conda
  platform: linux-64
  dependencies:
    libfreetype6: '>=2.14.3'
  url: https://conda.anaconda.org/conda-forge/linux-64/libfreetype-2.14.3-ha770c72_0.conda
  hash:
    md5: e289f3d17880e44b633ba911d57a321b
    sha256: 38f014a7129e644636e46064ecd6b1945e729c2140e21d75bb476af39e692db2
  category: main
  optional: false
- name: libfreetype6
  version: 2.14.3
  manager: conda
  platform: linux-64
  dependencies:
    __glibc: '>=2.17,<3.0.a0'
    libgcc: '>=14'
    libpng: '>=1.6.55,<1.7.0a0'
    libzlib: '>=1.3.2,<2.0a0'
  url: https://conda.anaconda.org/conda-forge/linux-64/libfreetype6-2.14.3-h73754d4_0.conda
  hash:
    md5: fb16b4b69e3f1dcfe79d80db8fd0c55d
    sha256: 16f020f96da79db1863fcdd8f2b8f4f7d52f177dd4c58601e38e9182e91adf1d
  category: main
  optional: false
- name: libgcc
  version: 15.2.0
  manager: conda
  platform: linux-64
  dependencies:
    __glibc: '>=2.17,<3.0.a0'
    _openmp_mutex: '>=4.5'
  url: https://conda.anaconda.org/conda-forge/linux-64/libgcc-15.2.0-he0feb66_19.conda
  hash:
    md5: 57736f29cc2b0ec0b6c2952d3f101b6a
    sha256: 8e0a3b5e41272e5678499b5dfc4cddb673f9e935de01eb0767ce857001229f46
  category: main
  optional: false
- name: libgcc-ng
  version: 15.2.0
  manager: conda
  platform: linux-64
  dependencies:
    libgcc: 15.2.0
  url: https://conda.anaconda.org/conda-forge/linux-64/libgcc-ng-15.2.0-h69a702a_19.conda
  hash:
    md5: 331ee9b72b9dff570d56b1302c5ab37d
    sha256: 9dcf54adfaa5e861123c2da4f2f0451a685464ea7e5a41ad91cf67b31d658d98
  category: main
  optional: false
- name: libglib
  version: 2.88.2
  manager: conda
  platform: linux-64
  dependencies:
    __glibc: '>=2.17,<3.0.a0'
    libffi: '>=3.5.2,<3.6.0a0'
    libgcc: '>=14'
    libiconv: '>=1.18,<2.0a0'
    libzlib: '>=1.3.2,<2.0a0'
    pcre2: '>=10.47,<10.48.0a0'
  url: https://conda.anaconda.org/conda-forge/linux-64/libglib-2.88.2-h0d30a3d_0.conda
  hash:
    md5: 889febc66cd9e4190f80ef9718fa239b
    sha256: 4bee10e62796f01e4fa2b5849135b1cc061337fe9cf5eb9bd79e9664922ae0e4
  category: main
  optional: false
- name: libgomp
  version: 15.2.0
  manager: conda
  platform: linux-64
  dependencies:
    __glibc: '>=2.17,<3.0.a0'
  url: https://conda.anaconda.org/conda-forge/linux-64/libgomp-15.2.0-he0feb66_19.conda
  hash:
    md5: faac990cb7aedc7f3a2224f2c9b0c26c
    sha256: 5abe4ab9d93f6c9757d654f1969ae2267d4505315c1f2f8fe705fd60af084f1b
  category: main
  optional: false
- name: libharfbuzz
  version: 14.2.1
  manager: conda
  platform: linux-64
  dependencies:
    __glibc: '>=2.17,<3.0.a0'
    cairo: '>=1.18.4,<2.0a0'
    graphite2: '>=1.3.15,<2.0a0'
    icu: '>=78.3,<79.0a0'
    libfreetype: '>=2.14.3'
    libfreetype6: '>=2.14.3'
    libgcc: '>=14'
    libglib: '>=2.88.2,<3.0a0'
    libpng: '>=1.6.58,<1.7.0a0'
    libstdcxx: '>=14'
    libzlib: '>=1.3.2,<2.0a0'
  url: https://conda.anaconda.org/conda-forge/linux-64/libharfbuzz-14.2.1-h17a8019_1.conda
  hash:
    md5: fb4669c3990b94ea32fbb81f433e9aa6
    sha256: 821c315f6b5171aa89e735be2ad84e74eb3f898fc7610ee36cfecd95dfa789e8
  category: main
  optional: false
- name: libharfbuzz-devel
  version: 14.2.1
  manager: conda
  platform: linux-64
  dependencies:
    __glibc: '>=2.17,<3.0.a0'
    cairo: '>=1.18.4,<2.0a0'
    freetype: ''
    graphite2: '>=1.3.15,<2.0a0'
    icu: '>=78.3,<79.0a0'
    libfreetype: '>=2.14.3'
    libfreetype6: '>=2.14.3'
    libgcc: '>=14'
    libglib: '>=2.88.2,<3.0a0'
    libharfbuzz: 14.2.1
    libpng: '>=1.6.58,<1.7.0a0'
    libstdcxx: '>=14'
    libzlib: '>=1.3.2,<2.0a0'
  url: https://conda.anaconda.org/conda-forge/linux-64/libharfbuzz-devel-14.2.1-h17a8019_1.conda
  hash:
    md5: 99cf21100441e51272f1cd6fe0632a20
    sha256: 6d8e793042affd18ca1784b7794fab14d16f54f984777ce6ab86bacaa465ab0d
  category: main
  optional: false
- name: libhwy
  version: 1.3.0
  manager: conda
  platform: linux-64
  dependencies:
    __glibc: '>=2.17,<3.0.a0'
    libgcc: '>=14'
    libstdcxx: '>=14'
  url: https://conda.anaconda.org/conda-forge/linux-64/libhwy-1.3.0-h4c17acf_1.conda
  hash:
    md5: c2a0c1d0120520e979685034e0b79859
    sha256: 2bdd1cdd677b119abc5e83069bec2e28fe6bfb21ebaea3cd07acee67f38ea274
  category: main
  optional: false
- name: libiconv
  version: '1.18'
  manager: conda
  platform: linux-64
  dependencies:
    __glibc: '>=2.17,<3.0.a0'
    libgcc: '>=14'
  url: https://conda.anaconda.org/conda-forge/linux-64/libiconv-1.18-h3b78370_2.conda
  hash:
    md5: 915f5995e94f60e9a4826e0b0920ee88
    sha256: c467851a7312765447155e071752d7bf9bf44d610a5687e32706f480aad2833f
  category: main
  optional: false
- name: libjpeg-turbo
  version: 3.2.0
  manager: conda
  platform: linux-64
  dependencies:
    __glibc: '>=2.17,<3.0.a0'
    libgcc: '>=14'
  url: https://conda.anaconda.org/conda-forge/linux-64/libjpeg-turbo-3.2.0-hb03c661_0.conda
  hash:
    md5: 466badda5536d85ddc63ee9404f29735
    sha256: 716332fd31b3808da7a4235a05212a9e9da05e854864c3def2dea0b5d2bf7610
  category: main
  optional: false
- name: liblzma
  version: 5.8.3
  manager: conda
  platform: linux-64
  dependencies:
    __glibc: '>=2.17,<3.0.a0'
    libgcc: '>=14'
  url: https://conda.anaconda.org/conda-forge/linux-64/liblzma-5.8.3-hb03c661_0.conda
  hash:
    md5: b88d90cad08e6bc8ad540cb310a761fb
    sha256: ec30e52a3c1bf7d0425380a189d209a52baa03f22fb66dd3eb587acaa765bd6d
  category: main
  optional: false
- name: libnghttp2
  version: 1.68.1
  manager: conda
  platform: linux-64
  dependencies:
    __glibc: '>=2.17,<3.0.a0'
    c-ares: '>=1.34.6,<2.0a0'
    libev: '>=4.33,<4.34.0a0,>=4.33,<5.0a0'
    libgcc: '>=14'
    libstdcxx: '>=14'
    libzlib: '>=1.3.1,<2.0a0'
    openssl: '>=3.5.5,<4.0a0'
  url: https://conda.anaconda.org/conda-forge/linux-64/libnghttp2-1.68.1-h877daf1_0.conda
  hash:
    md5: 2a45e7f8af083626f009645a6481f12d
    sha256: 663444d77a42f2265f54fb8b48c5450bfff4388d9c0f8253dd7855f0d993153f
  category: main
  optional: false
- name: libnsl
  version: 2.0.1
  manager: conda
  platform: linux-64
  dependencies:
    __glibc: '>=2.17,<3.0.a0'
    libgcc: '>=13'
  url: https://conda.anaconda.org/conda-forge/linux-64/libnsl-2.0.1-hb9d3cd8_1.conda
  hash:
    md5: d864d34357c3b65a4b731f78c0801dc4
    sha256: 927fe72b054277cde6cb82597d0fcf6baf127dcbce2e0a9d8925a68f1265eef5
  category: main
  optional: false
- name: libpng
  version: 1.6.58
  manager: conda
  platform: linux-64
  dependencies:
    __glibc: '>=2.17,<3.0.a0'
    libgcc: '>=14'
    libzlib: '>=1.3.2,<2.0a0'
  url: https://conda.anaconda.org/conda-forge/linux-64/libpng-1.6.58-h421ea60_0.conda
  hash:
    md5: eba48a68a1a2b9d3c0d9511548db85db
    sha256: 377cfe037f3eeb3b1bf3ad333f724a64d32f315ee1958581fc671891d63d3f89
  category: main
  optional: false
- name: libpsl
  version: 0.22.0
  manager: conda
  platform: linux-64
  dependencies:
    __glibc: '>=2.17,<3.0.a0'
    icu: '>=78.3,<79.0a0'
    libgcc: '>=14'
    libstdcxx: '>=14'
  url: https://conda.anaconda.org/conda-forge/linux-64/libpsl-0.22.0-h49b2146_1.conda
  hash:
    md5: af5ddfb52ad25d833c70c7511478d4eb
    sha256: 71118885feab91c61bea4e9532ec46e0653b24f02e563681f822915aee8435bb
  category: main
  optional: false
- name: libsqlite
  version: 3.53.3
  manager: conda
  platform: linux-64
  dependencies:
    __glibc: '>=2.17,<3.0.a0'
    libgcc: '>=14'
    libzlib: '>=1.3.2,<2.0a0'
  url: https://conda.anaconda.org/conda-forge/linux-64/libsqlite-3.53.3-h0c1763c_0.conda
  hash:
    md5: 4aed8e657e9ff156bdbe849b4df44389
    sha256: 365376f4815e5e80def2b3462a2419708b7c292da0da85278386c2618621fff4
  category: main
  optional: false
- name: libssh2
  version: 1.11.1
  manager: conda
  platform: linux-64
  dependencies:
    __glibc: '>=2.17,<3.0.a0'
    libgcc: '>=13'
    libzlib: '>=1.3.1,<2.0a0'
    openssl: '>=3.5.0,<4.0a0'
  url: https://conda.anaconda.org/conda-forge/linux-64/libssh2-1.11.1-hcf80075_0.conda
  hash:
    md5: eecce068c7e4eddeb169591baac20ac4
    sha256: fa39bfd69228a13e553bd24601332b7cfeb30ca11a3ca50bb028108fe90a7661
  category: main
  optional: false
- name: libstdcxx
  version: 15.2.0
  manager: conda
  platform: linux-64
  dependencies:
    __glibc: '>=2.17,<3.0.a0'
    libgcc: 15.2.0
  url: https://conda.anaconda.org/conda-forge/linux-64/libstdcxx-15.2.0-h934c35e_19.conda
  hash:
    md5: 5794b3bdc38177caf969dabd3af08549
    sha256: dff1058c76ec6b8759e41cefa2508162d00e4a5e6721aa68ec3fd10094e702dc
  category: main
  optional: false
- name: libstdcxx-ng
  version: 15.2.0
  manager: conda
  platform: linux-64
  dependencies:
    libstdcxx: 15.2.0
  url: https://conda.anaconda.org/conda-forge/linux-64/libstdcxx-ng-15.2.0-hdf11a46_19.conda
  hash:
    md5: e5ce228e579726c07255dbf90dc62101
    sha256: 0672b6b6e1791c92e8eccad58081a99d614fcf82bca5841f9dfa3c3e658f83b9
  category: main
  optional: false
- name: libtiff
  version: 4.7.2
  manager: conda
  platform: linux-64
  dependencies:
    __glibc: '>=2.17,<3.0.a0'
    lerc: '>=4.1.0,<5.0a0'
    libdeflate: '>=1.25,<1.26.0a0'
    libgcc: '>=14'
    libjpeg-turbo: '>=3.1.4.1,<4.0a0'
    liblzma: '>=5.8.3,<6.0a0'
    libstdcxx: '>=14'
    libwebp-base: '>=1.6.0,<2.0a0'
    libzlib: '>=1.3.2,<2.0a0'
    zstd: '>=1.5.7,<1.6.0a0'
  url: https://conda.anaconda.org/conda-forge/linux-64/libtiff-4.7.2-h9d88235_0.conda
  hash:
    md5: c1fcb4a88bc15a9f77ad8d27d7af1df9
    sha256: b31346e1c01ab40a170e91147092ee8fd92b1dee3c66ee47ef025571c879b159
  category: main
  optional: false
- name: libuuid
  version: 2.42.2
  manager: conda
  platform: linux-64
  dependencies:
    __glibc: '>=2.17,<3.0.a0'
    libgcc: '>=14'
  url: https://conda.anaconda.org/conda-forge/linux-64/libuuid-2.42.2-h5347b49_0.conda
  hash:
    md5: 01bb81d12c957de066ea7362007df642
    sha256: 9b1bdce27a7e31f7d241aeecff67a1f3101d52a2b1e33ccc2cdf2613072bf81f
  category: main
  optional: false
- name: libwebp-base
  version: 1.6.0
  manager: conda
  platform: linux-64
  dependencies:
    __glibc: '>=2.17,<3.0.a0'
    libgcc: '>=14'
  url: https://conda.anaconda.org/conda-forge/linux-64/libwebp-base-1.6.0-hd42ef1d_0.conda
  hash:
    md5: aea31d2e5b1091feca96fcfe945c3cf9
    sha256: 3aed21ab28eddffdaf7f804f49be7a7d701e8f0e46c856d801270b470820a37b
  category: main
  optional: false
- name: libxcb
  version: 1.17.0
  manager: conda
  platform: linux-64
  dependencies:
    __glibc: '>=2.17,<3.0.a0'
    libgcc: '>=13'
    pthread-stubs: ''
    xorg-libxau: '>=1.0.11,<2.0a0'
    xorg-libxdmcp: ''
  url: https://conda.anaconda.org/conda-forge/linux-64/libxcb-1.17.0-h8a09558_0.conda
  hash:
    md5: 92ed62436b625154323d40d5f2f11dd7
    sha256: 666c0c431b23c6cec6e492840b176dde533d48b7e6fb8883f5071223433776aa
  category: main
  optional: false
- name: libxcrypt
  version: 4.4.36
  manager: conda
  platform: linux-64
  dependencies:
    libgcc-ng: '>=12'
  url: https://conda.anaconda.org/conda-forge/linux-64/libxcrypt-4.4.36-hd590300_1.conda
  hash:
    md5: 5aa797f8787fe7a17d1b0821485b5adc
    sha256: 6ae68e0b86423ef188196fff6207ed0c8195dd84273cb5623b85aa08033a410c
  category: main
  optional: false
- name: libzlib
  version: 1.3.2
  manager: conda
  platform: linux-64
  dependencies:
    __glibc: '>=2.17,<3.0.a0'
  url: https://conda.anaconda.org/conda-forge/linux-64/libzlib-1.3.2-h25fd6f3_2.conda
  hash:
    md5: d87ff7921124eccd67248aa483c23fec
    sha256: 55044c403570f0dc26e6364de4dc5368e5f3fc7ff103e867c487e2b5ab2bcda9
  category: main
  optional: false
- name: lz4-c
  version: 1.9.4
  manager: conda
  platform: linux-64
  dependencies:
    libgcc-ng: '>=12'
    libstdcxx-ng: '>=12'
  url: https://conda.anaconda.org/conda-forge/linux-64/lz4-c-1.9.4-hcb278e6_0.conda
  hash:
    md5: 318b08df404f9c9be5712aaa5a6f0bb0
    sha256: 1b4c105a887f9b2041219d57036f72c4739ab9e9fe5a1486f094e58c76b31f5f
  category: main
  optional: false
- name: ncurses
  version: '6.6'
  manager: conda
  platform: linux-64
  dependencies:
    __glibc: '>=2.17,<3.0.a0'
    libgcc: '>=14'
  url: https://conda.anaconda.org/conda-forge/linux-64/ncurses-6.6-hdb14827_0.conda
  hash:
    md5: fc21868a1a5aacc937e7a18747acb8a5
    sha256: fc89f74bbe362fb29fa3c037697a89bec140b346a2469a90f7936d1d7ea4d8a3
  category: main
  optional: false
- name: openjdk
  version: 25.0.2
  manager: conda
  platform: linux-64
  dependencies:
    __glibc: '>=2.17,<3.0.a0'
    alsa-lib: '>=1.2.15.3,<1.3.0a0'
    fontconfig: '>=2.17.1,<3.0a0'
    fonts-conda-ecosystem: ''
    giflib: '>=5.2.2,<5.3.0a0'
    harfbuzz: '>=12.3.2'
    lcms2: '>=2.18,<3.0a0'
    libcups: '>=2.3.3,<2.4.0a0'
    libfreetype: '>=2.14.1'
    libfreetype6: '>=2.14.1'
    libgcc: '>=14'
    libjpeg-turbo: '>=3.1.2,<4.0a0'
    libpng: '>=1.6.55,<1.7.0a0'
    libstdcxx: '>=14'
    libzlib: '>=1.3.1,<2.0a0'
    xorg-libx11: '>=1.8.13,<2.0a0'
    xorg-libxext: '>=1.3.7,<2.0a0'
    xorg-libxi: '>=1.8.2,<2.0a0'
    xorg-libxrandr: '>=1.5.5,<2.0a0'
    xorg-libxrender: '>=0.9.12,<0.10.0a0'
    xorg-libxt: '>=1.3.1,<2.0a0'
    xorg-libxtst: '>=1.2.5,<2.0a0'
  url: https://conda.anaconda.org/conda-forge/linux-64/openjdk-25.0.2-ha668962_0.conda
  hash:
    md5: a41092b0177362dbe5eb2a18501e86c0
    sha256: 3825a4c84676a8a5cc23b397a2911e4efa4a805daf2af764153bd904e142ec41
  category: main
  optional: false
- name: openssl
  version: 3.6.3
  manager: conda
  platform: linux-64
  dependencies:
    __glibc: '>=2.17,<3.0.a0'
    ca-certificates: ''
    libgcc: '>=14'
  url: https://conda.anaconda.org/conda-forge/linux-64/openssl-3.6.3-h35e630c_0.conda
  hash:
    md5: 79dd2074b5cd5c5c6b2930514a11e22d
    sha256: d48f5c22b9897c01e4dff3680f1f57ceb02711ab9c62f74339b080419dfad34b
  category: main
  optional: false
- name: packaging
  version: '26.2'
  manager: conda
  platform: linux-64
  dependencies:
    python: '>=3.8'
  url: https://conda.anaconda.org/conda-forge/noarch/packaging-26.2-pyhc364b38_0.conda
  hash:
    md5: 4c06a92e74452cfa53623a81592e8934
    sha256: 3906abfb6511a3bb309e39b9b1b7bc38f50a723971de2395489fd1f379255890
  category: main
  optional: false
- name: pcre2
  version: '10.47'
  manager: conda
  platform: linux-64
  dependencies:
    __glibc: '>=2.17,<3.0.a0'
    bzip2: '>=1.0.8,<2.0a0'
    libgcc: '>=14'
    libzlib: '>=1.3.1,<2.0a0'
  url: https://conda.anaconda.org/conda-forge/linux-64/pcre2-10.47-haa7fec5_0.conda
  hash:
    md5: 7a3bff861a6583f1889021facefc08b1
    sha256: 5e6f7d161356fefd981948bea5139c5aa0436767751a6930cb1ca801ebb113ff
  category: main
  optional: false
- name: perl
  version: 5.32.1
  manager: conda
  platform: linux-64
  dependencies:
    libgcc-ng: '>=12'
    libxcrypt: '>=4.4.36'
  url: https://conda.anaconda.org/conda-forge/linux-64/perl-5.32.1-7_hd590300_perl5.conda
  hash:
    md5: f2cfec9406850991f4e3d960cc9e3321
    sha256: 9ec32b6936b0e37bcb0ed34f22ec3116e75b3c0964f9f50ecea5f58734ed6ce9
  category: main
  optional: false
- name: pigz
  version: '2.8'
  manager: conda
  platform: linux-64
  dependencies:
    __glibc: '>=2.17,<3.0.a0'
    libgcc: '>=14'
    libzlib: '>=1.3.1,<2.0a0'
  url: https://conda.anaconda.org/conda-forge/linux-64/pigz-2.8-h421ea60_2.conda
  hash:
    md5: 3d71c0550440051500a14e13f691580d
    sha256: 3d535f86f6eb4243cc47c51a3694e01bfc1aa72d80d9789c053f0154b531f974
  category: main
  optional: false
- name: pip
  version: 26.1.2
  manager: conda
  platform: linux-64
  dependencies:
    python: '>=3.10,<3.13.0a0'
    setuptools: ''
    wheel: ''
  url: https://conda.anaconda.org/conda-forge/noarch/pip-26.1.2-pyh8b19718_0.conda
  hash:
    md5: 511fbc2c63d2c73650ad1755e4d357ba
    sha256: 29b7d75bf81ad11645a8e320b369abdc90a92b93f2a9178e853d9dddf82e5106
  category: main
  optional: false
- name: pixman
  version: 0.46.4
  manager: conda
  platform: linux-64
  dependencies:
    __glibc: '>=2.17,<3.0.a0'
    libgcc: '>=14'
    libstdcxx: '>=14'
  url: https://conda.anaconda.org/conda-forge/linux-64/pixman-0.46.4-h54a6638_2.conda
  hash:
    md5: 7cd77fef4da3e1ca9484394616cb71f1
    sha256: 9e5b5be056820ade8b09ef73cf9f4bea037eb9887145d0297ac99e0add88878d
  category: main
  optional: false
- name: pthread-stubs
  version: '0.4'
  manager: conda
  platform: linux-64
  dependencies:
    __glibc: '>=2.17,<3.0.a0'
    libgcc: '>=13'
  url: https://conda.anaconda.org/conda-forge/linux-64/pthread-stubs-0.4-hb9d3cd8_1002.conda
  hash:
    md5: b3c17d95b5a10c6e64a21fa17573e70e
    sha256: 9c88f8c64590e9567c6c80823f0328e58d3b1efb0e1c539c0315ceca764e0973
  category: main
  optional: false
- name: python
  version: 3.12.13
  manager: conda
  platform: linux-64
  dependencies:
    __glibc: '>=2.17,<3.0.a0'
    bzip2: '>=1.0.8,<2.0a0'
    ld_impl_linux-64: '>=2.36.1'
    libexpat: '>=2.7.4,<3.0a0'
    libffi: '>=3.5.2,<3.6.0a0'
    libgcc: '>=14'
    liblzma: '>=5.8.2,<6.0a0'
    libnsl: '>=2.0.1,<2.1.0a0'
    libsqlite: '>=3.51.2,<4.0a0'
    libuuid: '>=2.41.3,<3.0a0'
    libxcrypt: '>=4.4.36'
    libzlib: '>=1.3.1,<2.0a0'
    ncurses: '>=6.5,<7.0a0'
    openssl: '>=3.5.5,<4.0a0'
    pip: ''
    readline: '>=8.3,<9.0a0'
    tk: '>=8.6.13,<8.7.0a0'
    tzdata: ''
  url: https://conda.anaconda.org/conda-forge/linux-64/python-3.12.13-hd63d673_0_cpython.conda
  hash:
    md5: 7eccb41177e15cc672e1babe9056018e
    sha256: a44655c1c3e1d43ed8704890a91e12afd68130414ea2c0872e154e5633a13d7e
  category: main
  optional: false
- name: readline
  version: '8.3'
  manager: conda
  platform: linux-64
  dependencies:
    __glibc: '>=2.17,<3.0.a0'
    libgcc: '>=14'
    ncurses: '>=6.5,<7.0a0'
  url: https://conda.anaconda.org/conda-forge/linux-64/readline-8.3-h853b02a_0.conda
  hash:
    md5: d7d95fc8287ea7bf33e0e7116d2b95ec
    sha256: 12ffde5a6f958e285aa22c191ca01bbd3d6e710aa852e00618fa6ddc59149002
  category: main
  optional: false
- name: sambamba
  version: 1.0.1
  manager: conda
  platform: linux-64
  dependencies:
    bzip2: '>=1.0.8,<2.0a0'
    libgcc: '>=13'
    liblzma: '>=5.6.4,<6.0a0'
    libzlib: '>=1.3.1,<2.0a0'
    lz4-c: '>=1.9.3,<1.10.0a0'
  url: https://conda.anaconda.org/bioconda/linux-64/sambamba-1.0.1-he614052_4.tar.bz2
  hash:
    md5: e9aca4fe9956476094c4b5411a490516
    sha256: cba5ef1c7dfea665255150356d61382aba823510cce3b5c739ee58990efb4132
  category: main
  optional: false
- name: samtools
  version: 1.23.1
  manager: conda
  platform: linux-64
  dependencies:
    htslib: '>=1.23.1,<1.24.0a0'
    libgcc: '>=14'
    libzlib: '>=1.3.1,<2.0a0'
    ncurses: '>=6.5,<7.0a0'
  url: https://conda.anaconda.org/bioconda/linux-64/samtools-1.23.1-ha83d96e_0.conda
  hash:
    md5: 89624fbd17c069abcbc8b19b96d497a0
    sha256: 2cb721907a2df7c54580298d655ae7587dbed593bd5536fa8ef4a22c9ae2a496
  category: main
  optional: false
- name: seqkit
  version: 2.13.0
  manager: conda
  platform: linux-64
  dependencies: {}
  url: https://conda.anaconda.org/bioconda/linux-64/seqkit-2.13.0-he881be0_0.conda
  hash:
    md5: d4e8a7c9d4b694e70552a84f662ea354
    sha256: 538ff4ab33819598e45939fe36ea7f4505afba62e90a7cbd95c6f63493aee6d4
  category: main
  optional: false
- name: setuptools
  version: 83.0.0
  manager: conda
  platform: linux-64
  dependencies:
    python: '>=3.10'
  url: https://conda.anaconda.org/conda-forge/noarch/setuptools-83.0.0-pyh332efcf_0.conda
  hash:
    md5: 6bf6acbab2499830180ec88c3aff2fa4
    sha256: 48a9f96016505debadfc67f06de7ac548decbc38d327409b24b0432ef6f16335
  category: main
  optional: false
- name: star
  version: 2.7.11b
  manager: conda
  platform: linux-64
  dependencies:
    _openmp_mutex: '>=4.5'
    htslib: '>=1.21,>=1.22.1,<1.24.0a0'
    libgcc: '>=13'
    libgomp: ''
    libstdcxx: '>=13'
    libzlib: '>=1.3.1,<2.0a0'
  url: https://conda.anaconda.org/bioconda/linux-64/star-2.7.11b-h5ca1c30_8.conda
  hash:
    md5: ae66e725b02adadf158cc2d43f22204b
    sha256: 292dd41d26a78afbe27690e8b7e027da75a14c63ec546e9254c7d0c963091322
  category: main
  optional: false
- name: subread
  version: 2.1.1
  manager: conda
  platform: linux-64
  dependencies:
    libgcc: '>=13'
    libzlib: '>=1.3.1,<2.0a0'
  url: https://conda.anaconda.org/bioconda/linux-64/subread-2.1.1-h577a1d6_0.tar.bz2
  hash:
    md5: 14a72547038fd8d4af4dc9da0114a78a
    sha256: e1a558c1d213e670b37b45200522e98c56103616f05cef728d38f6e303e5cad9
  category: main
  optional: false
- name: tk
  version: 8.6.13
  manager: conda
  platform: linux-64
  dependencies:
    __glibc: '>=2.17,<3.0.a0'
    libgcc: '>=14'
    libzlib: '>=1.3.2,<2.0a0'
  url: https://conda.anaconda.org/conda-forge/linux-64/tk-8.6.13-noxft_hd70dff1_3.conda
  hash:
    md5: 48a1049e710857572fc2a832aa394d9f
    sha256: 43624eab22f5f29df7d6ffe914cf442f28fd559b55b290906255492826e636e8
  category: main
  optional: false
- name: tzdata
  version: 2026c
  manager: conda
  platform: linux-64
  dependencies: {}
  url: https://conda.anaconda.org/conda-forge/noarch/tzdata-2026c-h151e31d_0.conda
  hash:
    md5: fcb489df604d100968b737f2cb6076c6
    sha256: b928c30ddcb0e3f544c6eade8352737e6e610e263276b90232db6a578ef899d8
  category: main
  optional: false
- name: wheel
  version: 0.47.0
  manager: conda
  platform: linux-64
  dependencies:
    packaging: '>=24.0'
    python: '>=3.10'
  url: https://conda.anaconda.org/conda-forge/noarch/wheel-0.47.0-pyhd8ed1ab_0.conda
  hash:
    md5: d0e3b2f0030cf4fca58bde71d246e94c
    sha256: 9e156ffaefb8463437144326ada4b85d1de17961b9997ac5f1cbbaf747bd8bed
  category: main
  optional: false
- name: xorg-libice
  version: 1.1.2
  manager: conda
  platform: linux-64
  dependencies:
    __glibc: '>=2.17,<3.0.a0'
    libgcc: '>=13'
  url: https://conda.anaconda.org/conda-forge/linux-64/xorg-libice-1.1.2-hb9d3cd8_0.conda
  hash:
    md5: fb901ff28063514abb6046c9ec2c4a45
    sha256: c12396aabb21244c212e488bbdc4abcdef0b7404b15761d9329f5a4a39113c4b
  category: main
  optional: false
- name: xorg-libsm
  version: 1.2.6
  manager: conda
  platform: linux-64
  dependencies:
    __glibc: '>=2.17,<3.0.a0'
    libgcc: '>=13'
    libuuid: '>=2.38.1,<3.0a0'
    xorg-libice: '>=1.1.2,<2.0a0'
  url: https://conda.anaconda.org/conda-forge/linux-64/xorg-libsm-1.2.6-he73a12e_0.conda
  hash:
    md5: 1c74ff8c35dcadf952a16f752ca5aa49
    sha256: 277841c43a39f738927145930ff963c5ce4c4dacf66637a3d95d802a64173250
  category: main
  optional: false
- name: xorg-libx11
  version: 1.8.13
  manager: conda
  platform: linux-64
  dependencies:
    __glibc: '>=2.17,<3.0.a0'
    libgcc: '>=14'
    libxcb: '>=1.17.0,<2.0a0'
  url: https://conda.anaconda.org/conda-forge/linux-64/xorg-libx11-1.8.13-he1eb515_0.conda
  hash:
    md5: 861fb6ccbc677bb9a9fb2468430b9c6a
    sha256: 516d4060139dbb4de49a4dcdc6317a9353fb39ebd47789c14e6fe52de0deee42
  category: main
  optional: false
- name: xorg-libxau
  version: 1.0.12
  manager: conda
  platform: linux-64
  dependencies:
    __glibc: '>=2.17,<3.0.a0'
    libgcc: '>=14'
  url: https://conda.anaconda.org/conda-forge/linux-64/xorg-libxau-1.0.12-hb03c661_1.conda
  hash:
    md5: b2895afaf55bf96a8c8282a2e47a5de0
    sha256: 6bc6ab7a90a5d8ac94c7e300cc10beb0500eeba4b99822768ca2f2ef356f731b
  category: main
  optional: false
- name: xorg-libxdmcp
  version: 1.1.5
  manager: conda
  platform: linux-64
  dependencies:
    __glibc: '>=2.17,<3.0.a0'
    libgcc: '>=14'
  url: https://conda.anaconda.org/conda-forge/linux-64/xorg-libxdmcp-1.1.5-hb03c661_1.conda
  hash:
    md5: 1dafce8548e38671bea82e3f5c6ce22f
    sha256: 25d255fb2eef929d21ff660a0c687d38a6d2ccfbcbf0cc6aa738b12af6e9d142
  category: main
  optional: false
- name: xorg-libxext
  version: 1.3.7
  manager: conda
  platform: linux-64
  dependencies:
    __glibc: '>=2.17,<3.0.a0'
    libgcc: '>=14'
    xorg-libx11: '>=1.8.12,<2.0a0'
  url: https://conda.anaconda.org/conda-forge/linux-64/xorg-libxext-1.3.7-hb03c661_0.conda
  hash:
    md5: 34e54f03dfea3e7a2dcf1453a85f1085
    sha256: 79c60fc6acfd3d713d6340d3b4e296836a0f8c51602327b32794625826bd052f
  category: main
  optional: false
- name: xorg-libxfixes
  version: 6.0.2
  manager: conda
  platform: linux-64
  dependencies:
    __glibc: '>=2.17,<3.0.a0'
    libgcc: '>=14'
    xorg-libx11: '>=1.8.12,<2.0a0'
  url: https://conda.anaconda.org/conda-forge/linux-64/xorg-libxfixes-6.0.2-hb03c661_0.conda
  hash:
    md5: ba231da7fccf9ea1e768caf5c7099b84
    sha256: 83c4c99d60b8784a611351220452a0a85b080668188dce5dfa394b723d7b64f4
  category: main
  optional: false
- name: xorg-libxi
  version: 1.8.3
  manager: conda
  platform: linux-64
  dependencies:
    __glibc: '>=2.17,<3.0.a0'
    libgcc: '>=14'
    xorg-libx11: '>=1.8.13,<2.0a0'
    xorg-libxext: '>=1.3.7,<2.0a0'
    xorg-libxfixes: '>=6.0.2,<7.0a0'
  url: https://conda.anaconda.org/conda-forge/linux-64/xorg-libxi-1.8.3-hb03c661_0.conda
  hash:
    md5: adba2e334082bb218db806d4c12277c9
    sha256: 495f99c8eacfa4ae2d8fed2a7f2105777af89acdc204df145d2bbbc380ac631b
  category: main
  optional: false
- name: xorg-libxrandr
  version: 1.5.5
  manager: conda
  platform: linux-64
  dependencies:
    __glibc: '>=2.17,<3.0.a0'
    libgcc: '>=14'
    xorg-libx11: '>=1.8.12,<2.0a0'
    xorg-libxext: '>=1.3.6,<2.0a0'
    xorg-libxrender: '>=0.9.12,<0.10.0a0'
  url: https://conda.anaconda.org/conda-forge/linux-64/xorg-libxrandr-1.5.5-hb03c661_0.conda
  hash:
    md5: e192019153591938acf7322b6459d36e
    sha256: 80ed047a5cb30632c3dc5804c7716131d767089f65877813d4ae855ee5c9d343
  category: main
  optional: false
- name: xorg-libxrender
  version: 0.9.12
  manager: conda
  platform: linux-64
  dependencies:
    __glibc: '>=2.17,<3.0.a0'
    libgcc: '>=13'
    xorg-libx11: '>=1.8.10,<2.0a0'
  url: https://conda.anaconda.org/conda-forge/linux-64/xorg-libxrender-0.9.12-hb9d3cd8_0.conda
  hash:
    md5: 96d57aba173e878a2089d5638016dc5e
    sha256: 044c7b3153c224c6cedd4484dd91b389d2d7fd9c776ad0f4a34f099b3389f4a1
  category: main
  optional: false
- name: xorg-libxt
  version: 1.3.1
  manager: conda
  platform: linux-64
  dependencies:
    __glibc: '>=2.17,<3.0.a0'
    libgcc: '>=13'
    xorg-libice: '>=1.1.1,<2.0a0'
    xorg-libsm: '>=1.2.4,<2.0a0'
    xorg-libx11: '>=1.8.10,<2.0a0'
  url: https://conda.anaconda.org/conda-forge/linux-64/xorg-libxt-1.3.1-hb9d3cd8_0.conda
  hash:
    md5: 279b0de5f6ba95457190a1c459a64e31
    sha256: a8afba4a55b7b530eb5c8ad89737d60d60bc151a03fbef7a2182461256953f0e
  category: main
  optional: false
- name: xorg-libxtst
  version: 1.2.5
  manager: conda
  platform: linux-64
  dependencies:
    __glibc: '>=2.17,<3.0.a0'
    libgcc: '>=13'
    xorg-libx11: '>=1.8.10,<2.0a0'
    xorg-libxext: '>=1.3.6,<2.0a0'
    xorg-libxi: '>=1.7.10,<2.0a0'
  url: https://conda.anaconda.org/conda-forge/linux-64/xorg-libxtst-1.2.5-hb9d3cd8_3.conda
  hash:
    md5: 7bbe9a0cc0df0ac5f5a8ad6d6a11af2f
    sha256: 752fdaac5d58ed863bbf685bb6f98092fe1a488ea8ebb7ed7b606ccfce08637a
  category: main
  optional: false
- name: zstd
  version: 1.5.7
  manager: conda
  platform: linux-64
  dependencies:
    __glibc: '>=2.17,<3.0.a0'
    libzlib: '>=1.3.1,<2.0a0'
  url: https://conda.anaconda.org/conda-forge/linux-64/zstd-1.5.7-hb78ec9c_6.conda
  hash:
    md5: 4a13eeac0b5c8e5b8ab496e6c4ddd829
    sha256: 68f0206ca6e98fea941e5717cec780ed2873ffabc0e1ed34428c061e2c6268c7
  category: main
  optional: false
